
Microsoft Visual Studio Solution File, Format Version 12.00
# Visual Studio Version 17
VisualStudioVersion = 17.2.32630.192
MinimumVisualStudioVersion = 10.0.40219.1
Project("{9A19103F-16F7-4668-BE54-9A1E7A4F7556}") = "BackEnd", "BackEnd\BackEnd.csproj", "{D3D30570-D83A-4E88-831E-8B83FE8C4C31}"
EndProject
Project("{9A19103F-16F7-4668-BE54-9A1E7A4F7556}") = "ConferenceDTO", "ConferenceDTO\ConferenceDTO.csproj", "{405FE8D0-31D9-49E3-ACA0-57997E47AD2B}"
EndProject
Project("{9A19103F-16F7-4668-BE54-9A1E7A4F7556}") = "FrontEnd", "FrontEnd\FrontEnd.csproj", "{AAF5E8E2-3D2D-4180-A869-BDFCAF933CCC}"
EndProject
Global
	GlobalSection(SolutionConfigurationPlatforms) = preSolution
		Debug|Any CPU = Debug|Any CPU
		Release|Any CPU = Release|Any CPU
	EndGlobalSection
	GlobalSection(ProjectConfigurationPlatforms) = postSolution
		{D3D30570-D83A-4E88-831E-8B83FE8C4C31}.Debug|Any CPU.ActiveCfg = Debug|Any CPU
		{D3D30570-D83A-4E88-831E-8B83FE8C4C31}.Debug|Any CPU.Build.0 = Debug|Any CPU
		{D3D30570-D83A-4E88-831E-8B83FE8C4C31}.Release|Any CPU.ActiveCfg = Release|Any CPU
		{D3D30570-D83A-4E88-831E-8B83FE8C4C31}.Release|Any CPU.Build.0 = Release|Any CPU
		{405FE8D0-31D9-49E3-ACA0-57997E47AD2B}.Debug|Any CPU.ActiveCfg = Debug|Any CPU
		{405FE8D0-31D9-49E3-ACA0-57997E47AD2B}.Debug|Any CPU.Build.0 = Debug|Any CPU
		{405FE8D0-31D9-49E3-ACA0-57997E47AD2B}.Release|Any CPU.ActiveCfg = Release|Any CPU
		{405FE8D0-31D9-49E3-ACA0-57997E47AD2B}.Release|Any CPU.Build.0 = Release|Any CPU
		{AAF5E8E2-3D2D-4180-A869-BDFCAF933CCC}.Debug|Any CPU.ActiveCfg = Debug|Any CPU
		{AAF5E8E2-3D2D-4180-A869-BDFCAF933CCC}.Debug|Any CPU.Build.0 = Debug|Any CPU
		{AAF5E8E2-3D2D-4180-A869-BDFCAF933CCC}.Release|Any CPU.ActiveCfg = Release|Any CPU
		{AAF5E8E2-3D2D-4180-A869-BDFCAF933CCC}.Release|Any CPU.Build.0 = Release|Any CPU
	EndGlobalSection
	GlobalSection(SolutionProperties) = preSolution
		HideSolutionNode = FALSE
	EndGlobalSection
	GlobalSection(ExtensibilityGlobals) = postSolution
		SolutionGuid = {21D70298-2E3D-4FA6-A132-1F96C6F185E3}
	EndGlobalSection
EndGlobal
